
Microsoft Visual Studio Solution File, Format Version 12.00
# Visual Studio Version 16
VisualStudioVersion = 16.0.30002.166
MinimumVisualStudioVersion = 10.0.40219.1
Project("{FAE04EC0-301F-11D3-BF4B-00C04F79EFBC}") = "SongRequestManagerV2", "SongRequestManagerV2\SongRequestManagerV2.csproj", "{5720816F-4729-4F5F-BC36-AE5F7E69DEB7}"
EndProject
Global
	GlobalSection(SolutionConfigurationPlatforms) = preSolution
		Debug|Any CPU = Debug|Any CPU
		Release|Any CPU = Release|Any CPU
	EndGlobalSection
	GlobalSection(ProjectConfigurationPlatforms) = postSolution
		{5720816F-4729-4F5F-BC36-AE5F7E69DEB7}.Debug|Any CPU.ActiveCfg = Debug|Any CPU
		{5720816F-4729-4F5F-BC36-AE5F7E69DEB7}.Debug|Any CPU.Build.0 = Debug|Any CPU
		{5720816F-4729-4F5F-BC36-AE5F7E69DEB7}.Release|Any CPU.ActiveCfg = Release|Any CPU
		{5720816F-4729-4F5F-BC36-AE5F7E69DEB7}.Release|Any CPU.Build.0 = Release|Any CPU
	EndGlobalSection
	GlobalSection(SolutionProperties) = preSolution
		HideSolutionNode = FALSE
	EndGlobalSection
	GlobalSection(ExtensibilityGlobals) = postSolution
		SolutionGuid = {5D906DBA-BF56-414F-A98B-FEB45FC4AAC3}
	EndGlobalSection
EndGlobal
